<<<<<<< Updated upstream
﻿
Microsoft Visual Studio Solution File, Format Version 12.00
# Visual Studio 2015
Project("{FAE04EC0-301F-11D3-BF4B-00C04F79EFBC}") = "CodeCamp_2016_Graphics.CSharp", "CodeCamp_2016_Graphics.CSharp.csproj", "{8DEDC5C6-B8CF-5A34-09D4-200031BEF7A0}"
EndProject
Global
	GlobalSection(SolutionConfigurationPlatforms) = preSolution
		Debug|Any CPU = Debug|Any CPU
		Release|Any CPU = Release|Any CPU
	EndGlobalSection
	GlobalSection(ProjectConfigurationPlatforms) = postSolution
		{8DEDC5C6-B8CF-5A34-09D4-200031BEF7A0}.Debug|Any CPU.ActiveCfg = Debug|Any CPU
		{8DEDC5C6-B8CF-5A34-09D4-200031BEF7A0}.Debug|Any CPU.Build.0 = Debug|Any CPU
		{8DEDC5C6-B8CF-5A34-09D4-200031BEF7A0}.Release|Any CPU.ActiveCfg = Release|Any CPU
		{8DEDC5C6-B8CF-5A34-09D4-200031BEF7A0}.Release|Any CPU.Build.0 = Release|Any CPU
	EndGlobalSection
	GlobalSection(SolutionProperties) = preSolution
		HideSolutionNode = FALSE
	EndGlobalSection
EndGlobal
=======
Microsoft Visual Studio Solution File, Format Version 11.00
# Visual Studio 2008

Project("{F08BB023-CC18-54F0-A8F7-E53F7A83DDB2}") = "CodeCamp_2016_Graphics", "Assembly-CSharp.csproj", "{1A592047-4871-E9CF-8FD8-F3CA78250458}"
EndProject
Global
	GlobalSection(SolutionConfigurationPlatforms) = preSolution
		Debug|Any CPU = Debug|Any CPU
		Release|Any CPU = Release|Any CPU
	EndGlobalSection
	GlobalSection(ProjectConfigurationPlatforms) = postSolution
		{1A592047-4871-E9CF-8FD8-F3CA78250458}.Debug|Any CPU.ActiveCfg = Debug|Any CPU
		{1A592047-4871-E9CF-8FD8-F3CA78250458}.Debug|Any CPU.Build.0 = Debug|Any CPU
		{1A592047-4871-E9CF-8FD8-F3CA78250458}.Release|Any CPU.ActiveCfg = Release|Any CPU
		{1A592047-4871-E9CF-8FD8-F3CA78250458}.Release|Any CPU.Build.0 = Release|Any CPU
	EndGlobalSection
	GlobalSection(SolutionProperties) = preSolution
		HideSolutionNode = FALSE
	EndGlobalSection
	GlobalSection(MonoDevelopProperties) = preSolution
		StartupItem = Assembly-CSharp.csproj
	EndGlobalSection
EndGlobal
>>>>>>> Stashed changes
