Microsoft Visual Studio Solution File, Format Version 11.00
# Visual Studio 2008

Project("{BD1A6697-98E4-1E4D-38CF-3D7008CD6538}") = "Invasion", "Assembly-CSharp.csproj", "{D19784DD-37AB-F45D-A643-6EBD0421D5AA}"
EndProject
Global
	GlobalSection(SolutionConfigurationPlatforms) = preSolution
		Debug|Any CPU = Debug|Any CPU
		Release|Any CPU = Release|Any CPU
	EndGlobalSection
	GlobalSection(ProjectConfigurationPlatforms) = postSolution
		{D19784DD-37AB-F45D-A643-6EBD0421D5AA}.Debug|Any CPU.ActiveCfg = Debug|Any CPU
		{D19784DD-37AB-F45D-A643-6EBD0421D5AA}.Debug|Any CPU.Build.0 = Debug|Any CPU
		{D19784DD-37AB-F45D-A643-6EBD0421D5AA}.Release|Any CPU.ActiveCfg = Release|Any CPU
		{D19784DD-37AB-F45D-A643-6EBD0421D5AA}.Release|Any CPU.Build.0 = Release|Any CPU
	EndGlobalSection
	GlobalSection(SolutionProperties) = preSolution
		HideSolutionNode = FALSE
	EndGlobalSection
	GlobalSection(MonoDevelopProperties) = preSolution
		StartupItem = Assembly-CSharp.csproj
	EndGlobalSection
EndGlobal
